<?xml version="1.0" encoding="utf-8"?>
<Project ToolsVersion="4.0" xmlns="http://schemas.microsoft.com/developer/msbuild/2003">
  <ItemGroup>
    <Filter Include="Source Files">
      <UniqueIdentifier>{4FC737F1-C7A5-4376-A066-2A32D752A2FF}</UniqueIdentifier>
      <Extensions>cpp;c;cc;cxx;def;odl;idl;hpj;bat;asm;asmx</Extensions>
    </Filter>
    <Filter Include="Header Files">
      <UniqueIdentifier>{93995380-89BD-4b04-88EB-625FBE52EBFB}</UniqueIdentifier>
      <Extensions>h;hpp;hxx;hm;inl;inc;xsd</Extensions>
    </Filter>
    <Filter Include="Resource Files">
      <UniqueIdentifier>{67DA6AB6-F800-4c08-8B7A-83BB121AAD01}</UniqueIdentifier>
      <Extensions>rc;ico;cur;bmp;dlg;rc2;rct;bin;rgs;gif;jpg;jpeg;jpe;resx;tiff;tif;png;wav;mfcribbon-ms</Extensions>
    </Filter>
    <Filter Include="DataBase">
      <UniqueIdentifier>{38d4a35d-885a-498e-9160-d8e38c8e5107}</UniqueIdentifier>
    </Filter>
    <Filter Include="Map">
      <UniqueIdentifier>{f70f7400-6877-4d49-bcf1-3340ad904bd6}</UniqueIdentifier>
    </Filter>
  </ItemGroup>
  <ItemGroup>
    <None Include="ReadMe.txt" />
    <None Include="NorvelEdit.reg" />
    <None Include="res\file_view.ico">
      <Filter>Resource Files</Filter>
    </None>
    <None Include="res\file_view_hc.ico">
      <Filter>Resource Files</Filter>
    </None>
    <None Include="res\class_view.ico">
      <Filter>Resource Files</Filter>
    </None>
    <None Include="res\class_view_hc.ico">
      <Filter>Resource Files</Filter>
    </None>
    <None Include="res\fileview.bmp">
      <Filter>Resource Files</Filter>
    </None>
    <None Include="res\fileview_hc.bmp">
      <Filter>Resource Files</Filter>
    </None>
    <None Include="res\classview.bmp">
      <Filter>Resource Files</Filter>
    </None>
    <None Include="res\classview_hc.bmp">
      <Filter>Resource Files</Filter>
    </None>
    <None Include="res\explorer.bmp">
      <Filter>Resource Files</Filter>
    </None>
    <None Include="res\explorer_hc.bmp">
      <Filter>Resource Files</Filter>
    </None>
    <None Include="res\sort.bmp">
      <Filter>Resource Files</Filter>
    </None>
    <None Include="res\sort_hc.bmp">
      <Filter>Resource Files</Filter>
    </None>
    <None Include="res\menuimages.bmp">
      <Filter>Resource Files</Filter>
    </None>
    <None Include="res\menuimages_hc.bmp">
      <Filter>Resource Files</Filter>
    </None>
    <None Include="res\output_wnd.ico">
      <Filter>Resource Files</Filter>
    </None>
    <None Include="res\output_wnd_hc.ico">
      <Filter>Resource Files</Filter>
    </None>
    <None Include="UserImages.bmp">
      <Filter>Resource Files</Filter>
    </None>
    <None Include="res\NorvelEdit.rc2">
      <Filter>Resource Files</Filter>
    </None>
    <None Include="res\NorvelEditDoc.ico">
      <Filter>Resource Files</Filter>
    </None>
    <None Include="res\NorvelEdit.ico">
      <Filter>Resource Files</Filter>
    </None>
    <None Include="res\Toolbar.bmp">
      <Filter>Resource Files</Filter>
    </None>
    <None Include="res\Toolbar256.bmp">
      <Filter>Resource Files</Filter>
    </None>
    <None Include="res\toolbar1.bmp">
      <Filter>Resource Files</Filter>
    </None>
  </ItemGroup>
  <ItemGroup>
    <ClInclude Include="NorvelEdit.h">
      <Filter>Header Files</Filter>
    </ClInclude>
    <ClInclude Include="stdafx.h">
      <Filter>Header Files</Filter>
    </ClInclude>
    <ClInclude Include="targetver.h">
      <Filter>Header Files</Filter>
    </ClInclude>
    <ClInclude Include="MainFrm.h">
      <Filter>Header Files</Filter>
    </ClInclude>
    <ClInclude Include="NorvelEditDoc.h">
      <Filter>Header Files</Filter>
    </ClInclude>
    <ClInclude Include="NorvelEditView.h">
      <Filter>Header Files</Filter>
    </ClInclude>
    <ClInclude Include="Resource.h">
      <Filter>Header Files</Filter>
    </ClInclude>
    <ClInclude Include="ViewTree.h">
      <Filter>Header Files</Filter>
    </ClInclude>
    <ClInclude Include="OutputWnd.h">
      <Filter>Header Files</Filter>
    </ClInclude>
    <ClInclude Include="DlgCreateScene.h">
      <Filter>Header Files</Filter>
    </ClInclude>
    <ClInclude Include="DlgPanel.h">
      <Filter>Header Files</Filter>
    </ClInclude>
    <ClInclude Include="DlgRoleDesign.h">
      <Filter>Header Files</Filter>
    </ClInclude>
    <ClInclude Include="DlgStep1.h">
      <Filter>Header Files</Filter>
    </ClInclude>
    <ClInclude Include="DlgStep2.h">
      <Filter>Header Files</Filter>
    </ClInclude>
    <ClInclude Include="WizardSheet.h">
      <Filter>Header Files</Filter>
    </ClInclude>
    <ClInclude Include="SaveFormat.h">
      <Filter>Header Files</Filter>
    </ClInclude>
    <ClInclude Include="Global.h">
      <Filter>Header Files</Filter>
    </ClInclude>
    <ClInclude Include="CppSQLite3U.h">
      <Filter>DataBase</Filter>
    </ClInclude>
    <ClInclude Include="sqlite3.h">
      <Filter>DataBase</Filter>
    </ClInclude>
    <ClInclude Include="DlgGetName.h">
      <Filter>Header Files</Filter>
    </ClInclude>
    <ClInclude Include="DlgAddress.h">
      <Filter>Header Files</Filter>
    </ClInclude>
    <ClInclude Include="DlgStep3.h">
      <Filter>Header Files</Filter>
    </ClInclude>
    <ClInclude Include="CapterView.h">
      <Filter>Header Files</Filter>
    </ClInclude>
    <ClInclude Include="FormatBar.h">
      <Filter>Header Files</Filter>
    </ClInclude>
    <ClInclude Include="DatabaseTableTheme.h">
      <Filter>DataBase</Filter>
    </ClInclude>
    <ClInclude Include="DatabaseTableDecade.h">
      <Filter>DataBase</Filter>
    </ClInclude>
    <ClInclude Include="DlgDatabaseNameEdit.h">
      <Filter>Header Files</Filter>
    </ClInclude>
    <ClInclude Include="DatabaseTableLastName.h">
      <Filter>DataBase</Filter>
    </ClInclude>
    <ClInclude Include="DatabaseTableGeography.h">
      <Filter>DataBase</Filter>
    </ClInclude>
    <ClInclude Include="DatabaseTableWeather.h">
      <Filter>DataBase</Filter>
    </ClInclude>
    <ClInclude Include="DatabaseTableTimeUnit.h">
      <Filter>DataBase</Filter>
    </ClInclude>
    <ClInclude Include="DatabaseTableCountry.h">
      <Filter>DataBase</Filter>
    </ClInclude>
    <ClInclude Include="DatabaseTableThings.h">
      <Filter>DataBase</Filter>
    </ClInclude>
    <ClInclude Include="DatabaseTableCloth.h">
      <Filter>DataBase</Filter>
    </ClInclude>
    <ClInclude Include="DatabaseTableTechnology.h">
      <Filter>DataBase</Filter>
    </ClInclude>
    <ClInclude Include="DatabaseTableReligion.h">
      <Filter>DataBase</Filter>
    </ClInclude>
    <ClInclude Include="DataBaseTableFirstName.h">
      <Filter>DataBase</Filter>
    </ClInclude>
    <ClInclude Include="DatabaseTableProfession.h">
      <Filter>DataBase</Filter>
    </ClInclude>
    <ClInclude Include="DatabaseTableBase.h">
      <Filter>DataBase</Filter>
    </ClInclude>
    <ClInclude Include="DatabaseTableWeapon.h">
      <Filter>DataBase</Filter>
    </ClInclude>
    <ClInclude Include="DatabaseTablePlane.h">
      <Filter>DataBase</Filter>
    </ClInclude>
    <ClInclude Include="DatabaseTableRank.h">
      <Filter>DataBase</Filter>
    </ClInclude>
    <ClInclude Include="DatabaseTableTitle.h">
      <Filter>DataBase</Filter>
    </ClInclude>
    <ClInclude Include="DatabaseTableAnimation.h">
      <Filter>DataBase</Filter>
    </ClInclude>
    <ClInclude Include="DatabaseTableScene_Type.h">
      <Filter>DataBase</Filter>
    </ClInclude>
    <ClInclude Include="DatabaseTableMood.h">
      <Filter>DataBase</Filter>
    </ClInclude>
    <ClInclude Include="DatabaseTableExpression.h">
      <Filter>DataBase</Filter>
    </ClInclude>
    <ClInclude Include="DlgDatabaseTableEditOther.h">
      <Filter>Header Files</Filter>
    </ClInclude>
    <ClInclude Include="DatabaseTableCommonWord.h">
      <Filter>DataBase</Filter>
    </ClInclude>
    <ClInclude Include="DlgDatabaseEditCommWord.h">
      <Filter>Header Files</Filter>
    </ClInclude>
    <ClInclude Include="DatabaseTableTimeLen.h">
      <Filter>DataBase</Filter>
    </ClInclude>
    <ClInclude Include="DataConvert.h">
      <Filter>Header Files</Filter>
    </ClInclude>
    <ClInclude Include="DatabaseTableCharacter.h">
      <Filter>DataBase</Filter>
    </ClInclude>
    <ClInclude Include="DatabaseTableRelationship.h">
      <Filter>DataBase</Filter>
    </ClInclude>
    <ClInclude Include="DlgInsertStatement.h">
      <Filter>Header Files</Filter>
    </ClInclude>
    <ClInclude Include="RoleNameView.h">
      <Filter>Header Files</Filter>
    </ClInclude>
    <ClInclude Include="DatabaseTableRoleStatus.h">
      <Filter>DataBase</Filter>
    </ClInclude>
    <ClInclude Include="DatabaseTableGirl.h">
      <Filter>DataBase</Filter>
    </ClInclude>
    <ClInclude Include="DatabaseTableBoy.h">
      <Filter>Header Files</Filter>
    </ClInclude>
    <ClInclude Include="DlgMap.h">
      <Filter>Header Files</Filter>
    </ClInclude>
    <ClInclude Include="MapCanvas.h">
      <Filter>Header Files</Filter>
    </ClInclude>
    <ClInclude Include="MapBase.h">
      <Filter>Map</Filter>
    </ClInclude>
    <ClInclude Include="MapMountain.h">
      <Filter>Map</Filter>
    </ClInclude>
  </ItemGroup>
  <ItemGroup>
    <ClCompile Include="NorvelEdit.cpp">
      <Filter>Source Files</Filter>
    </ClCompile>
    <ClCompile Include="stdafx.cpp">
      <Filter>Source Files</Filter>
    </ClCompile>
    <ClCompile Include="MainFrm.cpp">
      <Filter>Source Files</Filter>
    </ClCompile>
    <ClCompile Include="NorvelEditDoc.cpp">
      <Filter>Source Files</Filter>
    </ClCompile>
    <ClCompile Include="NorvelEditView.cpp">
      <Filter>Source Files</Filter>
    </ClCompile>
    <ClCompile Include="ViewTree.cpp">
      <Filter>Source Files</Filter>
    </ClCompile>
    <ClCompile Include="OutputWnd.cpp">
      <Filter>Source Files</Filter>
    </ClCompile>
    <ClCompile Include="DlgCreateScene.cpp">
      <Filter>Source Files</Filter>
    </ClCompile>
    <ClCompile Include="DlgPanel.cpp">
      <Filter>Source Files</Filter>
    </ClCompile>
    <ClCompile Include="DlgRoleDesign.cpp">
      <Filter>Source Files</Filter>
    </ClCompile>
    <ClCompile Include="DlgStep1.cpp">
      <Filter>Source Files</Filter>
    </ClCompile>
    <ClCompile Include="DlgStep2.cpp">
      <Filter>Source Files</Filter>
    </ClCompile>
    <ClCompile Include="SaveFormat.cpp">
      <Filter>Source Files</Filter>
    </ClCompile>
    <ClCompile Include="Global.cpp">
      <Filter>Source Files</Filter>
    </ClCompile>
    <ClCompile Include="CppSQLite3U.cpp">
      <Filter>DataBase</Filter>
    </ClCompile>
    <ClCompile Include="DlgGetName.cpp">
      <Filter>Source Files</Filter>
    </ClCompile>
    <ClCompile Include="DlgAddress.cpp">
      <Filter>Source Files</Filter>
    </ClCompile>
    <ClCompile Include="DlgStep3.cpp">
      <Filter>Source Files</Filter>
    </ClCompile>
    <ClCompile Include="WizardSheet.cpp">
      <Filter>Source Files</Filter>
    </ClCompile>
    <ClCompile Include="CapterView.cpp">
      <Filter>Source Files</Filter>
    </ClCompile>
    <ClCompile Include="FormatBar.cpp">
      <Filter>Source Files</Filter>
    </ClCompile>
    <ClCompile Include="DatabaseTableTheme.cpp">
      <Filter>DataBase</Filter>
    </ClCompile>
    <ClCompile Include="DatabaseTableDecade.cpp">
      <Filter>DataBase</Filter>
    </ClCompile>
    <ClCompile Include="DlgDatabaseNameEdit.cpp">
      <Filter>Source Files</Filter>
    </ClCompile>
    <ClCompile Include="DatabaseTableLastName.cpp">
      <Filter>DataBase</Filter>
    </ClCompile>
    <ClCompile Include="DatabaseTableGeography.cpp">
      <Filter>DataBase</Filter>
    </ClCompile>
    <ClCompile Include="DatabaseTableWeather.cpp">
      <Filter>DataBase</Filter>
    </ClCompile>
    <ClCompile Include="DatabaseTableTimeUnit.cpp">
      <Filter>DataBase</Filter>
    </ClCompile>
    <ClCompile Include="DatabaseTableCountry.cpp">
      <Filter>DataBase</Filter>
    </ClCompile>
    <ClCompile Include="DatabaseTableThings.cpp">
      <Filter>DataBase</Filter>
    </ClCompile>
    <ClCompile Include="DatabaseTableCloth.cpp">
      <Filter>DataBase</Filter>
    </ClCompile>
    <ClCompile Include="DatabaseTableTechnology.cpp">
      <Filter>DataBase</Filter>
    </ClCompile>
    <ClCompile Include="DatabaseTableReligion.cpp">
      <Filter>DataBase</Filter>
    </ClCompile>
    <ClCompile Include="DataBaseTableFirstName.cpp">
      <Filter>DataBase</Filter>
    </ClCompile>
    <ClCompile Include="DatabaseTableProfession.cpp">
      <Filter>DataBase</Filter>
    </ClCompile>
    <ClCompile Include="DatabaseTableBase.cpp">
      <Filter>DataBase</Filter>
    </ClCompile>
    <ClCompile Include="DatabaseTableAnimation.cpp">
      <Filter>DataBase</Filter>
    </ClCompile>
    <ClCompile Include="DatabaseTablePlane.cpp">
      <Filter>DataBase</Filter>
    </ClCompile>
    <ClCompile Include="DatabaseTableRank.cpp">
      <Filter>DataBase</Filter>
    </ClCompile>
    <ClCompile Include="DatabaseTableTitle.cpp">
      <Filter>DataBase</Filter>
    </ClCompile>
    <ClCompile Include="DatabaseTableWeapon.cpp">
      <Filter>DataBase</Filter>
    </ClCompile>
    <ClCompile Include="DatabaseTableScene_Type.cpp">
      <Filter>DataBase</Filter>
    </ClCompile>
    <ClCompile Include="DatabaseTableMood.cpp">
      <Filter>DataBase</Filter>
    </ClCompile>
    <ClCompile Include="DatabaseTableExpression.cpp">
      <Filter>DataBase</Filter>
    </ClCompile>
    <ClCompile Include="DlgDatabaseTableEditOther.cpp">
      <Filter>Source Files</Filter>
    </ClCompile>
    <ClCompile Include="DatabaseTableCommonWord.cpp">
      <Filter>DataBase</Filter>
    </ClCompile>
    <ClCompile Include="DlgDatabaseEditCommWord.cpp">
      <Filter>Source Files</Filter>
    </ClCompile>
    <ClCompile Include="DatabaseTableTimeLen.cpp">
      <Filter>DataBase</Filter>
    </ClCompile>
    <ClCompile Include="DataConvert.cpp">
      <Filter>Source Files</Filter>
    </ClCompile>
    <ClCompile Include="DatabaseTableCharacter.cpp">
      <Filter>DataBase</Filter>
    </ClCompile>
    <ClCompile Include="DatabaseTableRelationship.cpp">
      <Filter>DataBase</Filter>
    </ClCompile>
    <ClCompile Include="DlgInsertStatement.cpp">
      <Filter>Source Files</Filter>
    </ClCompile>
    <ClCompile Include="RoleNameView.cpp">
      <Filter>Source Files</Filter>
    </ClCompile>
    <ClCompile Include="DatabaseTableRoleStatus.cpp">
      <Filter>DataBase</Filter>
    </ClCompile>
    <ClCompile Include="DatabaseTableGirl.cpp">
      <Filter>DataBase</Filter>
    </ClCompile>
    <ClCompile Include="DatabaseTableBoy.cpp">
      <Filter>Source Files</Filter>
    </ClCompile>
    <ClCompile Include="DlgMap.cpp">
      <Filter>Source Files</Filter>
    </ClCompile>
    <ClCompile Include="MapCanvas.cpp">
      <Filter>Source Files</Filter>
    </ClCompile>
    <ClCompile Include="MapBase.cpp">
      <Filter>Map</Filter>
    </ClCompile>
    <ClCompile Include="MapMountain.cpp">
      <Filter>Map</Filter>
    </ClCompile>
  </ItemGroup>
  <ItemGroup>
    <ResourceCompile Include="NorvelEdit.rc">
      <Filter>Resource Files</Filter>
    </ResourceCompile>
  </ItemGroup>
</Project>